
Microsoft Visual Studio Solution File, Format Version 12.00
# Visual Studio Version 16
VisualStudioVersion = 16.0.29209.62
MinimumVisualStudioVersion = 10.0.40219.1
Project("{FAE04EC0-301F-11D3-BF4B-00C04F79EFBC}") = "StackHomework", "StackHomework\StackHomework.csproj", "{B1F1B4F2-D7D9-471C-B215-7768C6BF195B}"
EndProject
Global
	GlobalSection(SolutionConfigurationPlatforms) = preSolution
		Debug|Any CPU = Debug|Any CPU
		Release|Any CPU = Release|Any CPU
	EndGlobalSection
	GlobalSection(ProjectConfigurationPlatforms) = postSolution
		{B1F1B4F2-D7D9-471C-B215-7768C6BF195B}.Debug|Any CPU.ActiveCfg = Debug|Any CPU
		{B1F1B4F2-D7D9-471C-B215-7768C6BF195B}.Debug|Any CPU.Build.0 = Debug|Any CPU
		{B1F1B4F2-D7D9-471C-B215-7768C6BF195B}.Release|Any CPU.ActiveCfg = Release|Any CPU
		{B1F1B4F2-D7D9-471C-B215-7768C6BF195B}.Release|Any CPU.Build.0 = Release|Any CPU
	EndGlobalSection
	GlobalSection(SolutionProperties) = preSolution
		HideSolutionNode = FALSE
	EndGlobalSection
	GlobalSection(ExtensibilityGlobals) = postSolution
		SolutionGuid = {F44D5140-7D9F-457F-8CE9-66B2AE08111C}
	EndGlobalSection
EndGlobal
